{
  "name": "warehouse-tracker-app",
  "lockfileVersion": 2,
  "requires": true,
  "packages": {
    "": {
      "name": "warehouse-tracker-app",
      "version": "1.0.0",
      "dependencies": {
        "react": "^18.0.0",
        "react-dom": "^18.0.0",
        "react-scripts": "5.0.1",
        "qrcode.react": "^1.0.0"
      }
    }
  }
}